
Microsoft Visual Studio Solution File, Format Version 12.00
# Visual Studio Version 16
VisualStudioVersion = 16.0.31729.503
MinimumVisualStudioVersion = 10.0.40219.1
Project("{FAE04EC0-301F-11D3-BF4B-00C04F79EFBC}") = "epicKAKA", "epicKAKA\epicKAKA.csproj", "{45C14672-95A8-4E8F-BB7C-489B51A07CA4}"
EndProject
Global
	GlobalSection(SolutionConfigurationPlatforms) = preSolution
		Debug|Any CPU = Debug|Any CPU
		Release|Any CPU = Release|Any CPU
	EndGlobalSection
	GlobalSection(ProjectConfigurationPlatforms) = postSolution
		{45C14672-95A8-4E8F-BB7C-489B51A07CA4}.Debug|Any CPU.ActiveCfg = Debug|Any CPU
		{45C14672-95A8-4E8F-BB7C-489B51A07CA4}.Debug|Any CPU.Build.0 = Debug|Any CPU
		{45C14672-95A8-4E8F-BB7C-489B51A07CA4}.Release|Any CPU.ActiveCfg = Release|Any CPU
		{45C14672-95A8-4E8F-BB7C-489B51A07CA4}.Release|Any CPU.Build.0 = Release|Any CPU
	EndGlobalSection
	GlobalSection(SolutionProperties) = preSolution
		HideSolutionNode = FALSE
	EndGlobalSection
	GlobalSection(ExtensibilityGlobals) = postSolution
		SolutionGuid = {E3191316-FCE0-4B38-8449-425DC4669D92}
	EndGlobalSection
EndGlobal
